# THIS IS AN AUTOGENERATED FILE. DO NOT EDIT THIS FILE DIRECTLY.
# yarn lockfile v1


wtf_wikipedia@^8.3.0:
  version "8.3.0"
  resolved "https://registry.yarnpkg.com/wtf_wikipedia/-/wtf_wikipedia-8.3.0.tgz#21af3a89c54bc5395ab6950e96ba97e02e5ec809"
  integrity sha512-83MSsBHafNaQC3ew7xa0qt6DdhLscDQIl9EF0PkOmlgX+ZwXEAa0WlBBVi1+s54xoRlpEMzSNw1eXuX6rLh4cg==

xmlbuilder@^15.1.1:
  version "15.1.1"
  resolved "https://registry.yarnpkg.com/xmlbuilder/-/xmlbuilder-15.1.1.tgz#9dcdce49eea66d8d10b42cae94a79c3c8d0c2ec5"
  integrity sha512-yMqGBqtXyeN1e3TGYvgNgDVZ3j84W4cwkOXQswghol6APgZWaff9lnbvN7MHYJOiXsvGPXtjTYJEiC9J2wv9Eg==
